{
    "version": 3,
    "terraform_version": "0.10.4",
    "serial": 48,
    "lineage": "68f3f9b6-a4e9-4f54-a3eb-2deadc79d932",
    "modules": [
        {
            "path": [
                "root"
            ],
            "outputs": {
                "app-ip": {
                    "sensitive": false,
                    "type": "string",
                    "value": "18.220.225.142"
                },
                "jenkins-ip": {
                    "sensitive": false,
                    "type": "string",
                    "value": "13.59.144.179"
                }
            },
            "resources": {
                "aws_ebs_volume.jenkins-data": {
                    "type": "aws_ebs_volume",
                    "depends_on": [],
                    "primary": {
                        "id": "vol-0767b656f30919da1",
                        "attributes": {
                            "availability_zone": "us-east-2a",
                            "encrypted": "false",
                            "id": "vol-0767b656f30919da1",
                            "size": "15",
                            "snapshot_id": "",
                            "tags.%": "1",
                            "tags.Name": "jenkins-data",
                            "type": "gp2"
                        },
                        "meta": {},
                        "tainted": false
                    },
                    "deposed": [],
                    "provider": ""
                },
                "aws_eip.nat": {
                    "type": "aws_eip",
                    "depends_on": [],
                    "primary": {
                        "id": "eipalloc-eb8cffc5",
                        "attributes": {
                            "association_id": "eipassoc-3e5a0010",
                            "domain": "vpc",
                            "id": "eipalloc-eb8cffc5",
                            "instance": "",
                            "network_interface": "eni-a5d726fa",
                            "private_ip": "10.0.1.89",
                            "public_ip": "52.15.115.139",
                            "vpc": "true"
                        },
                        "meta": {},
                        "tainted": false
                    },
                    "deposed": [],
                    "provider": ""
                },
                "aws_instance.app1": {
                    "type": "aws_instance",
                    "depends_on": [
                        "aws_key_pair.mykeyubu",
                        "aws_security_group.app1-securitygroup",
                        "aws_subnet.main-public-1"
                    ],
                    "primary": {
                        "id": "i-057856eafc94226f5",
                        "attributes": {
                            "ami": "ami-dbbd9dbe",
                            "associate_public_ip_address": "true",
                            "availability_zone": "us-east-2a",
                            "disable_api_termination": "false",
                            "ebs_block_device.#": "0",
                            "ebs_optimized": "false",
                            "ephemeral_block_device.#": "0",
                            "iam_instance_profile": "",
                            "id": "i-057856eafc94226f5",
                            "instance_state": "running",
                            "instance_type": "t2.micro",
                            "ipv6_addresses.#": "0",
                            "key_name": "mykeyubu",
                            "monitoring": "false",
                            "network_interface.#": "0",
                            "network_interface_id": "eni-92d526cd",
                            "primary_network_interface_id": "eni-92d526cd",
                            "private_dns": "ip-10-0-1-83.us-east-2.compute.internal",
                            "private_ip": "10.0.1.83",
                            "public_dns": "ec2-18-220-225-142.us-east-2.compute.amazonaws.com",
                            "public_ip": "18.220.225.142",
                            "root_block_device.#": "1",
                            "root_block_device.0.delete_on_termination": "true",
                            "root_block_device.0.iops": "100",
                            "root_block_device.0.volume_size": "8",
                            "root_block_device.0.volume_type": "gp2",
                            "security_groups.#": "0",
                            "source_dest_check": "true",
                            "subnet_id": "subnet-c39dadaa",
                            "tags.%": "0",
                            "tenancy": "default",
                            "volume_tags.%": "0",
                            "vpc_security_group_ids.#": "1",
                            "vpc_security_group_ids.3725641771": "sg-7feb4d17"
                        },
                        "meta": {
                            "e2bfb730-ecaa-11e6-8f88-34363bc7c4c0": {
                                "create": 600000000000,
                                "delete": 600000000000,
                                "update": 600000000000
                            },
                            "schema_version": "1"
                        },
                        "tainted": false
                    },
                    "deposed": [],
                    "provider": ""
                },
                "aws_instance.jenkins": {
                    "type": "aws_instance",
                    "depends_on": [
                        "aws_key_pair.mykeyubu",
                        "aws_security_group.jenkins-securitygroup",
                        "aws_subnet.main-public-1",
                        "data.template_cloudinit_config.cloudinit-jenkins"
                    ],
                    "primary": {
                        "id": "i-0933fc5eb995e0aa5",
                        "attributes": {
                            "ami": "ami-dbbd9dbe",
                            "associate_public_ip_address": "true",
                            "availability_zone": "us-east-2a",
                            "disable_api_termination": "false",
                            "ebs_block_device.#": "1",
                            "ebs_block_device.3846643179.delete_on_termination": "false",
                            "ebs_block_device.3846643179.device_name": "/dev/xvdh",
                            "ebs_block_device.3846643179.encrypted": "false",
                            "ebs_block_device.3846643179.iops": "100",
                            "ebs_block_device.3846643179.snapshot_id": "",
                            "ebs_block_device.3846643179.volume_size": "15",
                            "ebs_block_device.3846643179.volume_type": "gp2",
                            "ebs_optimized": "false",
                            "ephemeral_block_device.#": "0",
                            "iam_instance_profile": "",
                            "id": "i-0933fc5eb995e0aa5",
                            "instance_state": "running",
                            "instance_type": "t2.micro",
                            "ipv6_addresses.#": "0",
                            "key_name": "mykeyubu",
                            "monitoring": "false",
                            "network_interface.#": "0",
                            "network_interface_id": "eni-2cdb2873",
                            "primary_network_interface_id": "eni-2cdb2873",
                            "private_dns": "ip-10-0-1-147.us-east-2.compute.internal",
                            "private_ip": "10.0.1.147",
                            "public_dns": "ec2-13-59-144-179.us-east-2.compute.amazonaws.com",
                            "public_ip": "13.59.144.179",
                            "root_block_device.#": "1",
                            "root_block_device.0.delete_on_termination": "true",
                            "root_block_device.0.iops": "100",
                            "root_block_device.0.volume_size": "8",
                            "root_block_device.0.volume_type": "gp2",
                            "security_groups.#": "0",
                            "source_dest_check": "true",
                            "subnet_id": "subnet-c39dadaa",
                            "tags.%": "0",
                            "tenancy": "default",
                            "user_data": "581783ae5265adae15649ea43b20c52cade2f100",
                            "volume_tags.%": "1",
                            "volume_tags.Name": "jenkins-data",
                            "vpc_security_group_ids.#": "1",
                            "vpc_security_group_ids.196496187": "sg-9de94ff5"
                        },
                        "meta": {
                            "e2bfb730-ecaa-11e6-8f88-34363bc7c4c0": {
                                "create": 600000000000,
                                "delete": 600000000000,
                                "update": 600000000000
                            },
                            "schema_version": "1"
                        },
                        "tainted": false
                    },
                    "deposed": [],
                    "provider": ""
                },
                "aws_internet_gateway.main-gw": {
                    "type": "aws_internet_gateway",
                    "depends_on": [
                        "aws_vpc.main"
                    ],
                    "primary": {
                        "id": "igw-bf503ed6",
                        "attributes": {
                            "id": "igw-bf503ed6",
                            "tags.%": "1",
                            "tags.Name": "main",
                            "vpc_id": "vpc-01a98968"
                        },
                        "meta": {},
                        "tainted": false
                    },
                    "deposed": [],
                    "provider": ""
                },
                "aws_key_pair.mykeyubu": {
                    "type": "aws_key_pair",
                    "depends_on": [],
                    "primary": {
                        "id": "mykeyubu",
                        "attributes": {
                            "fingerprint": "49:a9:aa:ce:0d:cb:34:9a:b7:21:10:fe:d6:6c:93:b1",
                            "id": "mykeyubu",
                            "key_name": "mykeyubu",
                            "public_key": "ssh-rsa AAAAB3NzaC1yc2EAAAADAQABAAABAQCkYdHEpnTrWcYVyqcMXDEjtyY7EzUy/k/4opLf22joTgSmcenqnVt9y2l5XHbuPTwxstFBVN1Wlq3BAZ2em6n51pwgAoNKn3CxoCDFToZcd5re+8/iozPaWW+OExua7d02s1MRVHRQA7G3XMZydhCnly2sVit1gMCK7l8JBQQw+8rtlJikuaaIct/ZWSooeodNPl9MwE/ynbWE2DGjhCDEjOUUGdeSbgfgaiLncaLfihXe6DZsO1ZL++qiN5FMTT6n7Btj0GtCVl1hvEHKBA5weruGKcAIFNIjjkpPRnXX64xQyQ7O40wJEwzOmVRTEoV4uhiCgSJH8ZH4Tl8SoDyl Adam@AwesomeSauce"
                        },
                        "meta": {
                            "schema_version": "1"
                        },
                        "tainted": false
                    },
                    "deposed": [],
                    "provider": ""
                },
                "aws_nat_gateway.nat-gw": {
                    "type": "aws_nat_gateway",
                    "depends_on": [
                        "aws_eip.nat",
                        "aws_internet_gateway.main-gw",
                        "aws_subnet.main-public-1"
                    ],
                    "primary": {
                        "id": "nat-02f1e7fb6e86c1ddb",
                        "attributes": {
                            "allocation_id": "eipalloc-eb8cffc5",
                            "id": "nat-02f1e7fb6e86c1ddb",
                            "network_interface_id": "eni-a5d726fa",
                            "private_ip": "10.0.1.89",
                            "public_ip": "52.15.115.139",
                            "subnet_id": "subnet-c39dadaa"
                        },
                        "meta": {},
                        "tainted": false
                    },
                    "deposed": [],
                    "provider": ""
                },
                "aws_route_table.main-private": {
                    "type": "aws_route_table",
                    "depends_on": [
                        "aws_nat_gateway.nat-gw",
                        "aws_vpc.main"
                    ],
                    "primary": {
                        "id": "rtb-cfccf6a6",
                        "attributes": {
                            "id": "rtb-cfccf6a6",
                            "propagating_vgws.#": "0",
                            "route.#": "1",
                            "route.1474574873.cidr_block": "0.0.0.0/0",
                            "route.1474574873.egress_only_gateway_id": "",
                            "route.1474574873.gateway_id": "",
                            "route.1474574873.instance_id": "",
                            "route.1474574873.ipv6_cidr_block": "",
                            "route.1474574873.nat_gateway_id": "nat-02f1e7fb6e86c1ddb",
                            "route.1474574873.network_interface_id": "",
                            "route.1474574873.vpc_peering_connection_id": "",
                            "tags.%": "1",
                            "tags.Name": "main-private-1",
                            "vpc_id": "vpc-01a98968"
                        },
                        "meta": {},
                        "tainted": false
                    },
                    "deposed": [],
                    "provider": ""
                },
                "aws_route_table.main-public": {
                    "type": "aws_route_table",
                    "depends_on": [
                        "aws_internet_gateway.main-gw",
                        "aws_vpc.main"
                    ],
                    "primary": {
                        "id": "rtb-a5cbf1cc",
                        "attributes": {
                            "id": "rtb-a5cbf1cc",
                            "propagating_vgws.#": "0",
                            "route.#": "1",
                            "route.4151747388.cidr_block": "0.0.0.0/0",
                            "route.4151747388.egress_only_gateway_id": "",
                            "route.4151747388.gateway_id": "igw-bf503ed6",
                            "route.4151747388.instance_id": "",
                            "route.4151747388.ipv6_cidr_block": "",
                            "route.4151747388.nat_gateway_id": "",
                            "route.4151747388.network_interface_id": "",
                            "route.4151747388.vpc_peering_connection_id": "",
                            "tags.%": "1",
                            "tags.Name": "main-public-1",
                            "vpc_id": "vpc-01a98968"
                        },
                        "meta": {},
                        "tainted": false
                    },
                    "deposed": [],
                    "provider": ""
                },
                "aws_route_table_association.main-private-1-a": {
                    "type": "aws_route_table_association",
                    "depends_on": [
                        "aws_route_table.main-private",
                        "aws_subnet.main-private-1"
                    ],
                    "primary": {
                        "id": "rtbassoc-20f23848",
                        "attributes": {
                            "id": "rtbassoc-20f23848",
                            "route_table_id": "rtb-cfccf6a6",
                            "subnet_id": "subnet-6584b40c"
                        },
                        "meta": {},
                        "tainted": false
                    },
                    "deposed": [],
                    "provider": ""
                },
                "aws_route_table_association.main-private-2-a": {
                    "type": "aws_route_table_association",
                    "depends_on": [
                        "aws_route_table.main-private",
                        "aws_subnet.main-private-2"
                    ],
                    "primary": {
                        "id": "rtbassoc-6ef33906",
                        "attributes": {
                            "id": "rtbassoc-6ef33906",
                            "route_table_id": "rtb-cfccf6a6",
                            "subnet_id": "subnet-0a3e4c71"
                        },
                        "meta": {},
                        "tainted": false
                    },
                    "deposed": [],
                    "provider": ""
                },
                "aws_route_table_association.main-private-3-a": {
                    "type": "aws_route_table_association",
                    "depends_on": [
                        "aws_route_table.main-private",
                        "aws_subnet.main-private-3"
                    ],
                    "primary": {
                        "id": "rtbassoc-64fc360c",
                        "attributes": {
                            "id": "rtbassoc-64fc360c",
                            "route_table_id": "rtb-cfccf6a6",
                            "subnet_id": "subnet-65348c28"
                        },
                        "meta": {},
                        "tainted": false
                    },
                    "deposed": [],
                    "provider": ""
                },
                "aws_route_table_association.main-public-1-a": {
                    "type": "aws_route_table_association",
                    "depends_on": [
                        "aws_route_table.main-public",
                        "aws_subnet.main-public-1"
                    ],
                    "primary": {
                        "id": "rtbassoc-6bf33903",
                        "attributes": {
                            "id": "rtbassoc-6bf33903",
                            "route_table_id": "rtb-a5cbf1cc",
                            "subnet_id": "subnet-c39dadaa"
                        },
                        "meta": {},
                        "tainted": false
                    },
                    "deposed": [],
                    "provider": ""
                },
                "aws_route_table_association.main-public-2-a": {
                    "type": "aws_route_table_association",
                    "depends_on": [
                        "aws_route_table.main-public",
                        "aws_subnet.main-public-2"
                    ],
                    "primary": {
                        "id": "rtbassoc-46f03a2e",
                        "attributes": {
                            "id": "rtbassoc-46f03a2e",
                            "route_table_id": "rtb-a5cbf1cc",
                            "subnet_id": "subnet-b9394bc2"
                        },
                        "meta": {},
                        "tainted": false
                    },
                    "deposed": [],
                    "provider": ""
                },
                "aws_route_table_association.main-public-3-a": {
                    "type": "aws_route_table_association",
                    "depends_on": [
                        "aws_route_table.main-public",
                        "aws_subnet.main-public-3"
                    ],
                    "primary": {
                        "id": "rtbassoc-c5f238ad",
                        "attributes": {
                            "id": "rtbassoc-c5f238ad",
                            "route_table_id": "rtb-a5cbf1cc",
                            "subnet_id": "subnet-983189d5"
                        },
                        "meta": {},
                        "tainted": false
                    },
                    "deposed": [],
                    "provider": ""
                },
                "aws_security_group.app1-securitygroup": {
                    "type": "aws_security_group",
                    "depends_on": [
                        "aws_vpc.main"
                    ],
                    "primary": {
                        "id": "sg-7feb4d17",
                        "attributes": {
                            "description": "security group that allows ssh and all egress traffic",
                            "egress.#": "1",
                            "egress.482069346.cidr_blocks.#": "1",
                            "egress.482069346.cidr_blocks.0": "0.0.0.0/0",
                            "egress.482069346.from_port": "0",
                            "egress.482069346.ipv6_cidr_blocks.#": "0",
                            "egress.482069346.prefix_list_ids.#": "0",
                            "egress.482069346.protocol": "-1",
                            "egress.482069346.security_groups.#": "0",
                            "egress.482069346.self": "false",
                            "egress.482069346.to_port": "0",
                            "id": "sg-7feb4d17",
                            "ingress.#": "2",
                            "ingress.2214680975.cidr_blocks.#": "1",
                            "ingress.2214680975.cidr_blocks.0": "0.0.0.0/0",
                            "ingress.2214680975.from_port": "80",
                            "ingress.2214680975.ipv6_cidr_blocks.#": "0",
                            "ingress.2214680975.protocol": "tcp",
                            "ingress.2214680975.security_groups.#": "0",
                            "ingress.2214680975.self": "false",
                            "ingress.2214680975.to_port": "80",
                            "ingress.2541437006.cidr_blocks.#": "1",
                            "ingress.2541437006.cidr_blocks.0": "0.0.0.0/0",
                            "ingress.2541437006.from_port": "22",
                            "ingress.2541437006.ipv6_cidr_blocks.#": "0",
                            "ingress.2541437006.protocol": "tcp",
                            "ingress.2541437006.security_groups.#": "0",
                            "ingress.2541437006.self": "false",
                            "ingress.2541437006.to_port": "22",
                            "name": "app1-securitygroup",
                            "owner_id": "765717427546",
                            "tags.%": "1",
                            "tags.Name": "app1-securitygroup",
                            "vpc_id": "vpc-01a98968"
                        },
                        "meta": {},
                        "tainted": false
                    },
                    "deposed": [],
                    "provider": ""
                },
                "aws_security_group.jenkins-securitygroup": {
                    "type": "aws_security_group",
                    "depends_on": [
                        "aws_vpc.main"
                    ],
                    "primary": {
                        "id": "sg-9de94ff5",
                        "attributes": {
                            "description": "security group that allows ssh and all egress traffic",
                            "egress.#": "1",
                            "egress.482069346.cidr_blocks.#": "1",
                            "egress.482069346.cidr_blocks.0": "0.0.0.0/0",
                            "egress.482069346.from_port": "0",
                            "egress.482069346.ipv6_cidr_blocks.#": "0",
                            "egress.482069346.prefix_list_ids.#": "0",
                            "egress.482069346.protocol": "-1",
                            "egress.482069346.security_groups.#": "0",
                            "egress.482069346.self": "false",
                            "egress.482069346.to_port": "0",
                            "id": "sg-9de94ff5",
                            "ingress.#": "2",
                            "ingress.2541437006.cidr_blocks.#": "1",
                            "ingress.2541437006.cidr_blocks.0": "0.0.0.0/0",
                            "ingress.2541437006.from_port": "22",
                            "ingress.2541437006.ipv6_cidr_blocks.#": "0",
                            "ingress.2541437006.protocol": "tcp",
                            "ingress.2541437006.security_groups.#": "0",
                            "ingress.2541437006.self": "false",
                            "ingress.2541437006.to_port": "22",
                            "ingress.516175195.cidr_blocks.#": "1",
                            "ingress.516175195.cidr_blocks.0": "0.0.0.0/0",
                            "ingress.516175195.from_port": "8080",
                            "ingress.516175195.ipv6_cidr_blocks.#": "0",
                            "ingress.516175195.protocol": "tcp",
                            "ingress.516175195.security_groups.#": "0",
                            "ingress.516175195.self": "false",
                            "ingress.516175195.to_port": "8080",
                            "name": "jenkins-securitygroup",
                            "owner_id": "765717427546",
                            "tags.%": "1",
                            "tags.Name": "jenkins-securitygroup",
                            "vpc_id": "vpc-01a98968"
                        },
                        "meta": {},
                        "tainted": false
                    },
                    "deposed": [],
                    "provider": ""
                },
                "aws_subnet.main-private-1": {
                    "type": "aws_subnet",
                    "depends_on": [
                        "aws_vpc.main"
                    ],
                    "primary": {
                        "id": "subnet-6584b40c",
                        "attributes": {
                            "assign_ipv6_address_on_creation": "false",
                            "availability_zone": "us-east-2a",
                            "cidr_block": "10.0.4.0/24",
                            "id": "subnet-6584b40c",
                            "map_public_ip_on_launch": "false",
                            "tags.%": "1",
                            "tags.Name": "main-private-1",
                            "vpc_id": "vpc-01a98968"
                        },
                        "meta": {
                            "schema_version": "1"
                        },
                        "tainted": false
                    },
                    "deposed": [],
                    "provider": ""
                },
                "aws_subnet.main-private-2": {
                    "type": "aws_subnet",
                    "depends_on": [
                        "aws_vpc.main"
                    ],
                    "primary": {
                        "id": "subnet-0a3e4c71",
                        "attributes": {
                            "assign_ipv6_address_on_creation": "false",
                            "availability_zone": "us-east-2b",
                            "cidr_block": "10.0.5.0/24",
                            "id": "subnet-0a3e4c71",
                            "map_public_ip_on_launch": "false",
                            "tags.%": "1",
                            "tags.Name": "main-private-2",
                            "vpc_id": "vpc-01a98968"
                        },
                        "meta": {
                            "schema_version": "1"
                        },
                        "tainted": false
                    },
                    "deposed": [],
                    "provider": ""
                },
                "aws_subnet.main-private-3": {
                    "type": "aws_subnet",
                    "depends_on": [
                        "aws_vpc.main"
                    ],
                    "primary": {
                        "id": "subnet-65348c28",
                        "attributes": {
                            "assign_ipv6_address_on_creation": "false",
                            "availability_zone": "us-east-2c",
                            "cidr_block": "10.0.6.0/24",
                            "id": "subnet-65348c28",
                            "map_public_ip_on_launch": "false",
                            "tags.%": "1",
                            "tags.Name": "main-private-3",
                            "vpc_id": "vpc-01a98968"
                        },
                        "meta": {
                            "schema_version": "1"
                        },
                        "tainted": false
                    },
                    "deposed": [],
                    "provider": ""
                },
                "aws_subnet.main-public-1": {
                    "type": "aws_subnet",
                    "depends_on": [
                        "aws_vpc.main"
                    ],
                    "primary": {
                        "id": "subnet-c39dadaa",
                        "attributes": {
                            "assign_ipv6_address_on_creation": "false",
                            "availability_zone": "us-east-2a",
                            "cidr_block": "10.0.1.0/24",
                            "id": "subnet-c39dadaa",
                            "map_public_ip_on_launch": "true",
                            "tags.%": "1",
                            "tags.Name": "main-public-1",
                            "vpc_id": "vpc-01a98968"
                        },
                        "meta": {
                            "schema_version": "1"
                        },
                        "tainted": false
                    },
                    "deposed": [],
                    "provider": ""
                },
                "aws_subnet.main-public-2": {
                    "type": "aws_subnet",
                    "depends_on": [
                        "aws_vpc.main"
                    ],
                    "primary": {
                        "id": "subnet-b9394bc2",
                        "attributes": {
                            "assign_ipv6_address_on_creation": "false",
                            "availability_zone": "us-east-2b",
                            "cidr_block": "10.0.2.0/24",
                            "id": "subnet-b9394bc2",
                            "map_public_ip_on_launch": "true",
                            "tags.%": "1",
                            "tags.Name": "main-public-2",
                            "vpc_id": "vpc-01a98968"
                        },
                        "meta": {
                            "schema_version": "1"
                        },
                        "tainted": false
                    },
                    "deposed": [],
                    "provider": ""
                },
                "aws_subnet.main-public-3": {
                    "type": "aws_subnet",
                    "depends_on": [
                        "aws_vpc.main"
                    ],
                    "primary": {
                        "id": "subnet-983189d5",
                        "attributes": {
                            "assign_ipv6_address_on_creation": "false",
                            "availability_zone": "us-east-2c",
                            "cidr_block": "10.0.3.0/24",
                            "id": "subnet-983189d5",
                            "map_public_ip_on_launch": "true",
                            "tags.%": "1",
                            "tags.Name": "main-public-3",
                            "vpc_id": "vpc-01a98968"
                        },
                        "meta": {
                            "schema_version": "1"
                        },
                        "tainted": false
                    },
                    "deposed": [],
                    "provider": ""
                },
                "aws_volume_attachment.jenkins-data-att": {
                    "type": "aws_volume_attachment",
                    "depends_on": [
                        "aws_ebs_volume.jenkins-data",
                        "aws_instance.jenkins"
                    ],
                    "primary": {
                        "id": "vai-957268628",
                        "attributes": {
                            "device_name": "/dev/xvdh",
                            "id": "vai-957268628",
                            "instance_id": "i-0933fc5eb995e0aa5",
                            "volume_id": "vol-0767b656f30919da1"
                        },
                        "meta": {},
                        "tainted": false
                    },
                    "deposed": [],
                    "provider": ""
                },
                "aws_vpc.main": {
                    "type": "aws_vpc",
                    "depends_on": [],
                    "primary": {
                        "id": "vpc-01a98968",
                        "attributes": {
                            "assign_generated_ipv6_cidr_block": "false",
                            "cidr_block": "10.0.0.0/16",
                            "default_network_acl_id": "acl-d25162bb",
                            "default_route_table_id": "rtb-64cef40d",
                            "default_security_group_id": "sg-48258120",
                            "dhcp_options_id": "dopt-d6cae4bf",
                            "enable_classiclink": "false",
                            "enable_dns_hostnames": "true",
                            "enable_dns_support": "true",
                            "id": "vpc-01a98968",
                            "instance_tenancy": "default",
                            "main_route_table_id": "rtb-64cef40d",
                            "tags.%": "1",
                            "tags.Name": "main"
                        },
                        "meta": {
                            "schema_version": "1"
                        },
                        "tainted": false
                    },
                    "deposed": [],
                    "provider": ""
                },
                "data.template_cloudinit_config.cloudinit-jenkins": {
                    "type": "template_cloudinit_config",
                    "depends_on": [
                        "data.template_file.jenkins-init"
                    ],
                    "primary": {
                        "id": "3673775919",
                        "attributes": {
                            "base64_encode": "false",
                            "gzip": "false",
                            "id": "3673775919",
                            "part.#": "1",
                            "part.0.content": "#!/bin/bash\r\n\r\n# volume setup\r\nvgchange -ay\r\n\r\nDEVICE_FS=`blkid -o value -s TYPE /dev/xvdh`\r\nif [ \"`echo -n $DEVICE_FS`\" == \"\" ] ; then \r\n\tpvcreate /dev/xvdh\r\n\tvgcreate data /dev/xvdh\r\n\tlvcreate --name volume1 -l 100%FREE data\r\n\tmkfs.ext4 /dev/data/volume1\r\nfi\r\nmkdir -p /var/lib/jenkins\r\necho '/dev/data/volume1 /var/lib/jenkins ext4 defaults 0 0' \u003e\u003e /etc/fstab\r\nmount /var/lib/jenkins\r\n\r\n# install jenkins\r\nwget -q -O - https://pkg.jenkins.io/debian-stable/jenkins.io.key | sudo apt-key add -\r\necho \"deb http://pkg.jenkins.io/debian-stable binary/\" \u003e\u003e /etc/apt/sources.list\r\napt-get update\r\napt-get install -y jenkins=2.60.3 unzip\r\n\r\n# install pip\r\nwget -q https://bootstrap.pypa.io/get-pip.py\r\npython get-pip.py\r\npython3 get-pip.py\r\nrm -f get-pip.py\r\n# install awscli\r\npip install awscli\r\n\r\n# install terraform\r\ncd /usr/local/bin\r\nwget -q https://releases.hashicorp.com/terraform/0.7.7/terraform_0.7.7_linux_amd64.zip\r\nunzip terraform_0.7.7_linux_amd64.zip\r\n# install packer\r\nwget -q https://releases.hashicorp.com/packer/0.10.2/packer_0.10.2_linux_amd64.zip\r\nunzip packer_0.10.2_linux_amd64.zip\r\n# clean up\r\napt-get clean\r\nrm terraform_0.7.7_linux_amd64.zip\r\nrm packer_0.10.2_linux_amd64.zip\r\n",
                            "part.0.content_type": "text/x-shellscript",
                            "part.0.filename": "",
                            "part.0.merge_type": "",
                            "rendered": "Content-Type: multipart/mixed; boundary=\"MIMEBOUNDARY\"\nMIME-Version: 1.0\r\n\r\n--MIMEBOUNDARY\r\nContent-Transfer-Encoding: 7bit\r\nContent-Type: text/x-shellscript\r\nMime-Version: 1.0\r\n\r\n#!/bin/bash\r\n\r\n# volume setup\r\nvgchange -ay\r\n\r\nDEVICE_FS=`blkid -o value -s TYPE /dev/xvdh`\r\nif [ \"`echo -n $DEVICE_FS`\" == \"\" ] ; then \r\n\tpvcreate /dev/xvdh\r\n\tvgcreate data /dev/xvdh\r\n\tlvcreate --name volume1 -l 100%FREE data\r\n\tmkfs.ext4 /dev/data/volume1\r\nfi\r\nmkdir -p /var/lib/jenkins\r\necho '/dev/data/volume1 /var/lib/jenkins ext4 defaults 0 0' \u003e\u003e /etc/fstab\r\nmount /var/lib/jenkins\r\n\r\n# install jenkins\r\nwget -q -O - https://pkg.jenkins.io/debian-stable/jenkins.io.key | sudo apt-key add -\r\necho \"deb http://pkg.jenkins.io/debian-stable binary/\" \u003e\u003e /etc/apt/sources.list\r\napt-get update\r\napt-get install -y jenkins=2.60.3 unzip\r\n\r\n# install pip\r\nwget -q https://bootstrap.pypa.io/get-pip.py\r\npython get-pip.py\r\npython3 get-pip.py\r\nrm -f get-pip.py\r\n# install awscli\r\npip install awscli\r\n\r\n# install terraform\r\ncd /usr/local/bin\r\nwget -q https://releases.hashicorp.com/terraform/0.7.7/terraform_0.7.7_linux_amd64.zip\r\nunzip terraform_0.7.7_linux_amd64.zip\r\n# install packer\r\nwget -q https://releases.hashicorp.com/packer/0.10.2/packer_0.10.2_linux_amd64.zip\r\nunzip packer_0.10.2_linux_amd64.zip\r\n# clean up\r\napt-get clean\r\nrm terraform_0.7.7_linux_amd64.zip\r\nrm packer_0.10.2_linux_amd64.zip\r\n\r\n--MIMEBOUNDARY--\r\n"
                        },
                        "meta": {},
                        "tainted": false
                    },
                    "deposed": [],
                    "provider": ""
                },
                "data.template_file.jenkins-init": {
                    "type": "template_file",
                    "depends_on": [],
                    "primary": {
                        "id": "6db6ce9e5fc3fc1f8062b147d633378c3b5fa1b2f44c1a5fbda21983e2c2e038",
                        "attributes": {
                            "id": "6db6ce9e5fc3fc1f8062b147d633378c3b5fa1b2f44c1a5fbda21983e2c2e038",
                            "rendered": "#!/bin/bash\r\n\r\n# volume setup\r\nvgchange -ay\r\n\r\nDEVICE_FS=`blkid -o value -s TYPE /dev/xvdh`\r\nif [ \"`echo -n $DEVICE_FS`\" == \"\" ] ; then \r\n\tpvcreate /dev/xvdh\r\n\tvgcreate data /dev/xvdh\r\n\tlvcreate --name volume1 -l 100%FREE data\r\n\tmkfs.ext4 /dev/data/volume1\r\nfi\r\nmkdir -p /var/lib/jenkins\r\necho '/dev/data/volume1 /var/lib/jenkins ext4 defaults 0 0' \u003e\u003e /etc/fstab\r\nmount /var/lib/jenkins\r\n\r\n# install jenkins\r\nwget -q -O - https://pkg.jenkins.io/debian-stable/jenkins.io.key | sudo apt-key add -\r\necho \"deb http://pkg.jenkins.io/debian-stable binary/\" \u003e\u003e /etc/apt/sources.list\r\napt-get update\r\napt-get install -y jenkins=2.60.3 unzip\r\n\r\n# install pip\r\nwget -q https://bootstrap.pypa.io/get-pip.py\r\npython get-pip.py\r\npython3 get-pip.py\r\nrm -f get-pip.py\r\n# install awscli\r\npip install awscli\r\n\r\n# install terraform\r\ncd /usr/local/bin\r\nwget -q https://releases.hashicorp.com/terraform/0.7.7/terraform_0.7.7_linux_amd64.zip\r\nunzip terraform_0.7.7_linux_amd64.zip\r\n# install packer\r\nwget -q https://releases.hashicorp.com/packer/0.10.2/packer_0.10.2_linux_amd64.zip\r\nunzip packer_0.10.2_linux_amd64.zip\r\n# clean up\r\napt-get clean\r\nrm terraform_0.7.7_linux_amd64.zip\r\nrm packer_0.10.2_linux_amd64.zip\r\n",
                            "template": "#!/bin/bash\r\n\r\n# volume setup\r\nvgchange -ay\r\n\r\nDEVICE_FS=`blkid -o value -s TYPE ${DEVICE}`\r\nif [ \"`echo -n $DEVICE_FS`\" == \"\" ] ; then \r\n\tpvcreate ${DEVICE}\r\n\tvgcreate data ${DEVICE}\r\n\tlvcreate --name volume1 -l 100%FREE data\r\n\tmkfs.ext4 /dev/data/volume1\r\nfi\r\nmkdir -p /var/lib/jenkins\r\necho '/dev/data/volume1 /var/lib/jenkins ext4 defaults 0 0' \u003e\u003e /etc/fstab\r\nmount /var/lib/jenkins\r\n\r\n# install jenkins\r\nwget -q -O - https://pkg.jenkins.io/debian-stable/jenkins.io.key | sudo apt-key add -\r\necho \"deb http://pkg.jenkins.io/debian-stable binary/\" \u003e\u003e /etc/apt/sources.list\r\napt-get update\r\napt-get install -y jenkins=${JENKINS_VERSION} unzip\r\n\r\n# install pip\r\nwget -q https://bootstrap.pypa.io/get-pip.py\r\npython get-pip.py\r\npython3 get-pip.py\r\nrm -f get-pip.py\r\n# install awscli\r\npip install awscli\r\n\r\n# install terraform\r\ncd /usr/local/bin\r\nwget -q https://releases.hashicorp.com/terraform/0.7.7/terraform_0.7.7_linux_amd64.zip\r\nunzip terraform_0.7.7_linux_amd64.zip\r\n# install packer\r\nwget -q https://releases.hashicorp.com/packer/0.10.2/packer_0.10.2_linux_amd64.zip\r\nunzip packer_0.10.2_linux_amd64.zip\r\n# clean up\r\napt-get clean\r\nrm terraform_0.7.7_linux_amd64.zip\r\nrm packer_0.10.2_linux_amd64.zip\r\n",
                            "vars.%": "2",
                            "vars.DEVICE": "/dev/xvdh",
                            "vars.JENKINS_VERSION": "2.60.3"
                        },
                        "meta": {},
                        "tainted": false
                    },
                    "deposed": [],
                    "provider": ""
                }
            },
            "depends_on": []
        }
    ]
}
