{
    "version": 3,
    "terraform_version": "0.10.3",
    "serial": 2,
    "lineage": "a78635af-8a2a-4063-a784-c6ab049a54d9",
    "modules": [
        {
            "path": [
                "root"
            ],
            "outputs": {},
            "resources": {
                "aws_instance.example": {
                    "type": "aws_instance",
                    "depends_on": [
                        "aws_key_pair.mykey"
                    ],
                    "primary": {
                        "id": "i-0bc7795478babc0a0",
                        "attributes": {
                            "ami": "ami-dbbd9dbe",
                            "associate_public_ip_address": "true",
                            "availability_zone": "us-east-2c",
                            "disable_api_termination": "false",
                            "ebs_block_device.#": "0",
                            "ebs_optimized": "false",
                            "ephemeral_block_device.#": "0",
                            "iam_instance_profile": "",
                            "id": "i-0bc7795478babc0a0",
                            "instance_state": "running",
                            "instance_type": "t2.micro",
                            "ipv6_addresses.#": "0",
                            "key_name": "mykey",
                            "monitoring": "false",
                            "network_interface.#": "0",
                            "network_interface_id": "eni-115a6939",
                            "primary_network_interface_id": "eni-115a6939",
                            "private_dns": "ip-172-31-33-246.us-east-2.compute.internal",
                            "private_ip": "172.31.33.246",
                            "public_dns": "ec2-13-59-183-195.us-east-2.compute.amazonaws.com",
                            "public_ip": "13.59.183.195",
                            "root_block_device.#": "1",
                            "root_block_device.0.delete_on_termination": "true",
                            "root_block_device.0.iops": "100",
                            "root_block_device.0.volume_size": "8",
                            "root_block_device.0.volume_type": "gp2",
                            "security_groups.#": "0",
                            "source_dest_check": "true",
                            "subnet_id": "subnet-87ed53ca",
                            "tags.%": "0",
                            "tenancy": "default",
                            "volume_tags.%": "0",
                            "vpc_security_group_ids.#": "1",
                            "vpc_security_group_ids.1790244370": "sg-fbaf7193"
                        },
                        "meta": {
                            "e2bfb730-ecaa-11e6-8f88-34363bc7c4c0": {
                                "create": 600000000000,
                                "delete": 600000000000,
                                "update": 600000000000
                            },
                            "schema_version": "1"
                        },
                        "tainted": true
                    },
                    "deposed": [],
                    "provider": ""
                },
                "aws_key_pair.mykey": {
                    "type": "aws_key_pair",
                    "depends_on": [],
                    "primary": {
                        "id": "mykey",
                        "attributes": {
                            "fingerprint": "27:1c:1c:c8:ab:53:95:09:46:21:4a:b1:8d:be:e7:8e",
                            "id": "mykey",
                            "key_name": "mykey",
                            "public_key": "ssh-rsa AAAAB3NzaC1yc2EAAAADAQABAAABAQChes1Yob3dinMKmQ5DLRkfLKKlCqpup1RJtoSp3JWMh/vlF1j+VYWu0yaRws8MzmbwVfN89kFQUCnZMXuj1I5LllczgBr8C6ZSwAzbtreUve0X/naDYdqQiyTcmVSG689ywJ/+znpEO/xM1IEM8NhZJkQSMrWGxZbICMT1+9rn0zIKmIkNW6JymLYLRTUPB+tLIw9oegvZzJ+w02vu1C9KrJC/eFc6NsSiY0KfPs31gdtdd9rcNeNvcWkgTUh0MF7MvVQBQWtu8NjK4eFeDuy58wsKoDY6HfB7febLuPFPzPuQAmOotajLc6LejRHEWBszirPX1YwhrJSydLlH6jpH Adam@AwesomeSauce"
                        },
                        "meta": {
                            "schema_version": "1"
                        },
                        "tainted": false
                    },
                    "deposed": [],
                    "provider": ""
                }
            },
            "depends_on": []
        }
    ]
}
